
Microsoft Visual Studio Solution File, Format Version 11.00
# Visual Studio 2010
Project("{FAE04EC0-301F-11D3-BF4B-00C04F79EFBC}") = "Simulation.UI", "Simulation.UI\Simulation.UI.csproj", "{78BD63EB-422F-446B-A5E8-C8CE8247C9DD}"
EndProject
Project("{FAE04EC0-301F-11D3-BF4B-00C04F79EFBC}") = "Sciendo.Core", "Sciendo.Core\Sciendo.Core.csproj", "{DA778FF7-2370-4F23-9691-CD6ABDC73A9B}"
EndProject
Project("{FAE04EC0-301F-11D3-BF4B-00C04F79EFBC}") = "Simulation.LastFmDataProvider", "Simulation.LastFmDataProvider\Simulation.LastFmDataProvider.csproj", "{622E7D48-E987-4C9C-99CE-DE46C90B0CD4}"
EndProject
Project("{FAE04EC0-301F-11D3-BF4B-00C04F79EFBC}") = "Tests", "Tests\Tests.csproj", "{3164D3AD-DD6C-4A30-9263-51C6F8C8CE2B}"
EndProject
Project("{FAE04EC0-301F-11D3-BF4B-00C04F79EFBC}") = "Simulation.DataProviders", "Simulation.DataProviders\Simulation.DataProviders.csproj", "{360F680B-862C-4F24-B875-F2607EF3A921}"
EndProject
Project("{FAE04EC0-301F-11D3-BF4B-00C04F79EFBC}") = "Simulation.DataAccess", "Simulation.DataAccess\Simulation.DataAccess.csproj", "{0DD242BA-D9BF-45A2-BC27-9C70FF0E7432}"
EndProject
Global
	GlobalSection(SolutionConfigurationPlatforms) = preSolution
		Debug|Any CPU = Debug|Any CPU
		Release|Any CPU = Release|Any CPU
	EndGlobalSection
	GlobalSection(ProjectConfigurationPlatforms) = postSolution
		{78BD63EB-422F-446B-A5E8-C8CE8247C9DD}.Debug|Any CPU.ActiveCfg = Debug|Any CPU
		{78BD63EB-422F-446B-A5E8-C8CE8247C9DD}.Debug|Any CPU.Build.0 = Debug|Any CPU
		{78BD63EB-422F-446B-A5E8-C8CE8247C9DD}.Release|Any CPU.ActiveCfg = Release|Any CPU
		{78BD63EB-422F-446B-A5E8-C8CE8247C9DD}.Release|Any CPU.Build.0 = Release|Any CPU
		{DA778FF7-2370-4F23-9691-CD6ABDC73A9B}.Debug|Any CPU.ActiveCfg = Debug|Any CPU
		{DA778FF7-2370-4F23-9691-CD6ABDC73A9B}.Debug|Any CPU.Build.0 = Debug|Any CPU
		{DA778FF7-2370-4F23-9691-CD6ABDC73A9B}.Release|Any CPU.ActiveCfg = Release|Any CPU
		{DA778FF7-2370-4F23-9691-CD6ABDC73A9B}.Release|Any CPU.Build.0 = Release|Any CPU
		{622E7D48-E987-4C9C-99CE-DE46C90B0CD4}.Debug|Any CPU.ActiveCfg = Debug|Any CPU
		{622E7D48-E987-4C9C-99CE-DE46C90B0CD4}.Debug|Any CPU.Build.0 = Debug|Any CPU
		{622E7D48-E987-4C9C-99CE-DE46C90B0CD4}.Release|Any CPU.ActiveCfg = Release|Any CPU
		{622E7D48-E987-4C9C-99CE-DE46C90B0CD4}.Release|Any CPU.Build.0 = Release|Any CPU
		{3164D3AD-DD6C-4A30-9263-51C6F8C8CE2B}.Debug|Any CPU.ActiveCfg = Debug|Any CPU
		{3164D3AD-DD6C-4A30-9263-51C6F8C8CE2B}.Debug|Any CPU.Build.0 = Debug|Any CPU
		{3164D3AD-DD6C-4A30-9263-51C6F8C8CE2B}.Release|Any CPU.ActiveCfg = Release|Any CPU
		{3164D3AD-DD6C-4A30-9263-51C6F8C8CE2B}.Release|Any CPU.Build.0 = Release|Any CPU
		{360F680B-862C-4F24-B875-F2607EF3A921}.Debug|Any CPU.ActiveCfg = Debug|Any CPU
		{360F680B-862C-4F24-B875-F2607EF3A921}.Debug|Any CPU.Build.0 = Debug|Any CPU
		{360F680B-862C-4F24-B875-F2607EF3A921}.Release|Any CPU.ActiveCfg = Release|Any CPU
		{360F680B-862C-4F24-B875-F2607EF3A921}.Release|Any CPU.Build.0 = Release|Any CPU
		{0DD242BA-D9BF-45A2-BC27-9C70FF0E7432}.Debug|Any CPU.ActiveCfg = Debug|Any CPU
		{0DD242BA-D9BF-45A2-BC27-9C70FF0E7432}.Debug|Any CPU.Build.0 = Debug|Any CPU
		{0DD242BA-D9BF-45A2-BC27-9C70FF0E7432}.Release|Any CPU.ActiveCfg = Release|Any CPU
		{0DD242BA-D9BF-45A2-BC27-9C70FF0E7432}.Release|Any CPU.Build.0 = Release|Any CPU
	EndGlobalSection
	GlobalSection(SolutionProperties) = preSolution
		HideSolutionNode = FALSE
	EndGlobalSection
EndGlobal
